	// !$*UTF8*$!
	{
		archiveVersion = 1;
		classes = {
		};
		objectVersion = 56;
		objects = {

	/* Begin PBXBuildFile section */
		5FD35E6D6AB93DA097DFB331 /* CodexSwitchApp.swift in Sources */ = {isa = PBXBuildFile; fileRef = 4BBA1C106BD36206C2EC12DC /* CodexSwitchApp.swift */; };
		AF9040E18669BF876713A9A6 /* AppEnvironment.swift in Sources */ = {isa = PBXBuildFile; fileRef = 5633C2E35B23EF9068FE8D6C /* AppEnvironment.swift */; };
		848ED46438C52E7C087C7625 /* CodexProvider.swift in Sources */ = {isa = PBXBuildFile; fileRef = 5386C928AA0DD22D70471DDB /* CodexProvider.swift */; };
		19E1AEFE83EFBF975B6F033C /* AppState.swift in Sources */ = {isa = PBXBuildFile; fileRef = B331C2DEF17B95287CF60F68 /* AppState.swift */; };
		E65EF5B5591BA2F57DDE881F /* ProxyServer.swift in Sources */ = {isa = PBXBuildFile; fileRef = 43432478B0380F559790202B /* ProxyServer.swift */; };
		C12A68FD9E9C6BFEEBC059A1 /* CodexConfigManager.swift in Sources */ = {isa = PBXBuildFile; fileRef = 00E7518EA62CC1E03906C1AC /* CodexConfigManager.swift */; };
		37D48DA58CD056979C8B7359 /* ProtocolConverter.swift in Sources */ = {isa = PBXBuildFile; fileRef = 411BA762894A808280CC5820 /* ProtocolConverter.swift */; };
		2174CD10754995A0E9D17825 /* StreamingConverter.swift in Sources */ = {isa = PBXBuildFile; fileRef = E1CC52F3C97C4471E1EBC0B9 /* StreamingConverter.swift */; };
		4492CA680EA0DD29B0ECED00 /* InlineThinkSplitter.swift in Sources */ = {isa = PBXBuildFile; fileRef = 7525365FC519774BC664D324 /* InlineThinkSplitter.swift */; };
		0E0BDCF283A30CAC114EA135 /* ChatHistoryStore.swift in Sources */ = {isa = PBXBuildFile; fileRef = 33058D06AB100A56B10AC6F8 /* ChatHistoryStore.swift */; };
		69E108977A132B593405146C /* CodexOAuthManager.swift in Sources */ = {isa = PBXBuildFile; fileRef = 7BEB5BBA0499056FA9532100 /* CodexOAuthManager.swift */; };
		7547C32E544248B7CC03622C /* PresetProviders.swift in Sources */ = {isa = PBXBuildFile; fileRef = F92669489E4B91A19EC78AF7 /* PresetProviders.swift */; };
		1390F43EBB78C215A5709779 /* CodexToolContext.swift in Sources */ = {isa = PBXBuildFile; fileRef = 0BE394604A7E6381827F986B /* CodexToolContext.swift */; };
		9E2D8DDD4F209447D85042A7 /* CircuitBreaker.swift in Sources */ = {isa = PBXBuildFile; fileRef = 093EC7D858E4387460E2288B /* CircuitBreaker.swift */; };
		6F956A2665CA566C4850C211 /* RequestRectifier.swift in Sources */ = {isa = PBXBuildFile; fileRef = B6F80A69A701D7555350EB70 /* RequestRectifier.swift */; };
		79F7F492898193DF55758A75 /* Clipboard.swift in Sources */ = {isa = PBXBuildFile; fileRef = 40B7CCF538B0A307BFB0D2EF /* Clipboard.swift */; };
		7B3D852BB319E6FB8171A14D /* MainWindow.swift in Sources */ = {isa = PBXBuildFile; fileRef = 6497B6EDC9CF018ED80AB1BB /* MainWindow.swift */; };
		02ACC7ED917587CDB84DC6E4 /* MenuBarMenu.swift in Sources */ = {isa = PBXBuildFile; fileRef = 153A37059BE8B221CCC0581B /* MenuBarMenu.swift */; };
		821E70733C3C1FD7F90869BC /* DetailView.swift in Sources */ = {isa = PBXBuildFile; fileRef = 9EEFD95238590893A2ECB6A7 /* DetailView.swift */; };
		C47A67FBC83CFF258A9FAA83 /* ConnectionStatusView.swift in Sources */ = {isa = PBXBuildFile; fileRef = 152918DBC633809A09C7CB15 /* ConnectionStatusView.swift */; };
		D7E3B5EA4DF0278F4C53B58D /* ProviderListView.swift in Sources */ = {isa = PBXBuildFile; fileRef = 1C4CAD1E344C349D90345C49 /* ProviderListView.swift */; };
		F2E63EDE11A53AE67F6FEE65 /* OAuthLoginView.swift in Sources */ = {isa = PBXBuildFile; fileRef = 8EDF3282A03D9693C3786D55 /* OAuthLoginView.swift */; };
		BC388848C9D715C95B2FB64C /* SettingsView.swift in Sources */ = {isa = PBXBuildFile; fileRef = 8EA36EDB6C7019531E27B974 /* SettingsView.swift */; };
		477D1A30D608E6039AFD375B /* Assets.xcassets in Resources */ = {isa = PBXBuildFile; fileRef = 2C0B0FA506000536B23C94E3 /* Assets.xcassets */; };
	/* End PBXBuildFile section */

	/* Begin PBXFileReference section */
		4BBA1C106BD36206C2EC12DC /* CodexSwitchApp.swift */ = {isa = PBXFileReference; lastKnownFileType = sourcecode.swift; path = "CodexSwitchApp.swift"; sourceTree = "<group>"; };
		5633C2E35B23EF9068FE8D6C /* AppEnvironment.swift */ = {isa = PBXFileReference; lastKnownFileType = sourcecode.swift; path = "AppEnvironment.swift"; sourceTree = "<group>"; };
		5386C928AA0DD22D70471DDB /* CodexProvider.swift */ = {isa = PBXFileReference; lastKnownFileType = sourcecode.swift; path = "CodexProvider.swift"; sourceTree = "<group>"; };
		B331C2DEF17B95287CF60F68 /* AppState.swift */ = {isa = PBXFileReference; lastKnownFileType = sourcecode.swift; path = "AppState.swift"; sourceTree = "<group>"; };
		43432478B0380F559790202B /* ProxyServer.swift */ = {isa = PBXFileReference; lastKnownFileType = sourcecode.swift; path = "ProxyServer.swift"; sourceTree = "<group>"; };
		00E7518EA62CC1E03906C1AC /* CodexConfigManager.swift */ = {isa = PBXFileReference; lastKnownFileType = sourcecode.swift; path = "CodexConfigManager.swift"; sourceTree = "<group>"; };
		411BA762894A808280CC5820 /* ProtocolConverter.swift */ = {isa = PBXFileReference; lastKnownFileType = sourcecode.swift; path = "ProtocolConverter.swift"; sourceTree = "<group>"; };
		E1CC52F3C97C4471E1EBC0B9 /* StreamingConverter.swift */ = {isa = PBXFileReference; lastKnownFileType = sourcecode.swift; path = "StreamingConverter.swift"; sourceTree = "<group>"; };
		7525365FC519774BC664D324 /* InlineThinkSplitter.swift */ = {isa = PBXFileReference; lastKnownFileType = sourcecode.swift; path = "InlineThinkSplitter.swift"; sourceTree = "<group>"; };
		33058D06AB100A56B10AC6F8 /* ChatHistoryStore.swift */ = {isa = PBXFileReference; lastKnownFileType = sourcecode.swift; path = "ChatHistoryStore.swift"; sourceTree = "<group>"; };
		7BEB5BBA0499056FA9532100 /* CodexOAuthManager.swift */ = {isa = PBXFileReference; lastKnownFileType = sourcecode.swift; path = "CodexOAuthManager.swift"; sourceTree = "<group>"; };
		F92669489E4B91A19EC78AF7 /* PresetProviders.swift */ = {isa = PBXFileReference; lastKnownFileType = sourcecode.swift; path = "PresetProviders.swift"; sourceTree = "<group>"; };
		0BE394604A7E6381827F986B /* CodexToolContext.swift */ = {isa = PBXFileReference; lastKnownFileType = sourcecode.swift; path = "CodexToolContext.swift"; sourceTree = "<group>"; };
		093EC7D858E4387460E2288B /* CircuitBreaker.swift */ = {isa = PBXFileReference; lastKnownFileType = sourcecode.swift; path = "CircuitBreaker.swift"; sourceTree = "<group>"; };
		B6F80A69A701D7555350EB70 /* RequestRectifier.swift */ = {isa = PBXFileReference; lastKnownFileType = sourcecode.swift; path = "RequestRectifier.swift"; sourceTree = "<group>"; };
		40B7CCF538B0A307BFB0D2EF /* Clipboard.swift */ = {isa = PBXFileReference; lastKnownFileType = sourcecode.swift; path = "Clipboard.swift"; sourceTree = "<group>"; };
		6497B6EDC9CF018ED80AB1BB /* MainWindow.swift */ = {isa = PBXFileReference; lastKnownFileType = sourcecode.swift; path = "MainWindow.swift"; sourceTree = "<group>"; };
		153A37059BE8B221CCC0581B /* MenuBarMenu.swift */ = {isa = PBXFileReference; lastKnownFileType = sourcecode.swift; path = "MenuBarMenu.swift"; sourceTree = "<group>"; };
		9EEFD95238590893A2ECB6A7 /* DetailView.swift */ = {isa = PBXFileReference; lastKnownFileType = sourcecode.swift; path = "DetailView.swift"; sourceTree = "<group>"; };
		152918DBC633809A09C7CB15 /* ConnectionStatusView.swift */ = {isa = PBXFileReference; lastKnownFileType = sourcecode.swift; path = "ConnectionStatusView.swift"; sourceTree = "<group>"; };
		1C4CAD1E344C349D90345C49 /* ProviderListView.swift */ = {isa = PBXFileReference; lastKnownFileType = sourcecode.swift; path = "ProviderListView.swift"; sourceTree = "<group>"; };
		8EDF3282A03D9693C3786D55 /* OAuthLoginView.swift */ = {isa = PBXFileReference; lastKnownFileType = sourcecode.swift; path = "OAuthLoginView.swift"; sourceTree = "<group>"; };
		8EA36EDB6C7019531E27B974 /* SettingsView.swift */ = {isa = PBXFileReference; lastKnownFileType = sourcecode.swift; path = "SettingsView.swift"; sourceTree = "<group>"; };
		9FF66E87F7ACA8C05DC4A10E /* Info.plist */ = {isa = PBXFileReference; lastKnownFileType = text.plist.xml; path = Info.plist; sourceTree = "<group>"; };
		E7E9C2F7E2283010960A1472 /* CodexSwitch.entitlements */ = {isa = PBXFileReference; lastKnownFileType = text.plist.entitlements; path = CodexSwitch.entitlements; sourceTree = "<group>"; };
		2C0B0FA506000536B23C94E3 /* Assets.xcassets */ = {isa = PBXFileReference; lastKnownFileType = folder.assetcatalog; path = Assets.xcassets; sourceTree = "<group>"; };
	/* End PBXFileReference section */

	/* Begin PBXFrameworksBuildPhase section */
		585F20FE673DA6CEB21DE0FC /* Frameworks */ = {
			isa = PBXFrameworksBuildPhase;
			buildActionMask = 2147483647;
			files = (
			);
			runOnlyForDeploymentPostprocessing = 0;
		};
	/* End PBXFrameworksBuildPhase section */

	/* Begin PBXGroup section */
		D9693F547D59110B584A2169 /* Models */ = {
			isa = PBXGroup;
			children = (
				5386C928AA0DD22D70471DDB /* CodexProvider.swift */,
			);
			path = Models;
			sourceTree = "<group>";
		};
		1E2287E0F439E5901DF36DE6 /* ViewModels */ = {
			isa = PBXGroup;
			children = (
				B331C2DEF17B95287CF60F68 /* AppState.swift */,
			);
			path = ViewModels;
			sourceTree = "<group>";
		};
		2EF43ED1093983C6EF51F1DB /* Views */ = {
			isa = PBXGroup;
			children = (
				6497B6EDC9CF018ED80AB1BB /* MainWindow.swift */,
				153A37059BE8B221CCC0581B /* MenuBarMenu.swift */,
				9EEFD95238590893A2ECB6A7 /* DetailView.swift */,
				152918DBC633809A09C7CB15 /* ConnectionStatusView.swift */,
				1C4CAD1E344C349D90345C49 /* ProviderListView.swift */,
				8EDF3282A03D9693C3786D55 /* OAuthLoginView.swift */,
				8EA36EDB6C7019531E27B974 /* SettingsView.swift */,
			);
			path = Views;
			sourceTree = "<group>";
		};
		E3F8A3551C91EA72243EDEED /* Services */ = {
			isa = PBXGroup;
			children = (
				43432478B0380F559790202B /* ProxyServer.swift */,
				00E7518EA62CC1E03906C1AC /* CodexConfigManager.swift */,
				411BA762894A808280CC5820 /* ProtocolConverter.swift */,
				E1CC52F3C97C4471E1EBC0B9 /* StreamingConverter.swift */,
				7525365FC519774BC664D324 /* InlineThinkSplitter.swift */,
				33058D06AB100A56B10AC6F8 /* ChatHistoryStore.swift */,
				7BEB5BBA0499056FA9532100 /* CodexOAuthManager.swift */,
				F92669489E4B91A19EC78AF7 /* PresetProviders.swift */,
				0BE394604A7E6381827F986B /* CodexToolContext.swift */,
				093EC7D858E4387460E2288B /* CircuitBreaker.swift */,
				B6F80A69A701D7555350EB70 /* RequestRectifier.swift */,
				40B7CCF538B0A307BFB0D2EF /* Clipboard.swift */,
			);
			path = Services;
			sourceTree = "<group>";
		};
		6446C17E9A3BF7EBE1532154 /* CodexSwitch */ = {
			isa = PBXGroup;
			children = (
				4BBA1C106BD36206C2EC12DC /* CodexSwitchApp.swift */,
				5633C2E35B23EF9068FE8D6C /* AppEnvironment.swift */,
				D9693F547D59110B584A2169 /* Models */,
				1E2287E0F439E5901DF36DE6 /* ViewModels */,
				2EF43ED1093983C6EF51F1DB /* Views */,
				E3F8A3551C91EA72243EDEED /* Services */,
				2C0B0FA506000536B23C94E3 /* Assets.xcassets */,
				9FF66E87F7ACA8C05DC4A10E /* Info.plist */,
				E7E9C2F7E2283010960A1472 /* CodexSwitch.entitlements */,
			);
			path = CodexSwitch;
			sourceTree = "<group>";
		};
		A4E7632931599CCC1D502C18 = {
			isa = PBXGroup;
			children = (
				6446C17E9A3BF7EBE1532154 /* CodexSwitch */,
			);
			sourceTree = "<group>";
		};
	/* End PBXGroup section */

	/* Begin PBXNativeTarget section */
		7512711637523C7933F4350C /* CodexSwitch */ = {
			isa = PBXNativeTarget;
			buildConfigurationList = 7D9531893CA9FB4FE2169257 /* Build configuration list for PBXNativeTarget "CodexSwitch" */;
			buildPhases = (
				FC7420AB8FD4500ED8A75E76 /* Sources */,
				585F20FE673DA6CEB21DE0FC /* Frameworks */,
				7BE2BC81EF28995E14996C87 /* Resources */,
			);
			buildRules = (
			);
			dependencies = (
			);
			name = CodexSwitch;
			productName = CodexSwitch;
			productReference = A7E0B8CC5E1AE250C655F5DF /* CodexSwitch.app */;
			productType = "com.apple.product-type.application";
		};
	/* End PBXNativeTarget section */

	/* Begin PBXProject section */
		3DBBD9E632F101C3A388A64A /* Project object */ = {
			isa = PBXProject;
			attributes = {
				BuildIndependentTargetsInParallel = 1;
				LastSwiftUpdateCheck = 1500;
				LastUpgradeCheck = 1500;
				TargetAttributes = {
					7512711637523C7933F4350C = {
						CreatedOnToolsVersion = 15.0;
					};
				};
			};
			buildConfigurationList = 57BE98F1A1F4D6BCDB848DF3 /* Build configuration list for PBXProject "CodexSwitch" */;
			compatibilityVersion = "Xcode 14.0";
			developmentRegion = en;
			hasScannedForEncodings = 0;
			knownRegions = (
				en,
				Base,
			);
			mainGroup = A4E7632931599CCC1D502C18;
			productRefGroup = 6446C17E9A3BF7EBE1532154 /* CodexSwitch */;
			projectDirPath = "";
			projectRoot = "";
			targets = (
				7512711637523C7933F4350C /* CodexSwitch */,
			);
		};
	/* End PBXProject section */

	/* Begin PBXResourcesBuildPhase section */
		7BE2BC81EF28995E14996C87 /* Resources */ = {
			isa = PBXResourcesBuildPhase;
			buildActionMask = 2147483647;
			files = (
				477D1A30D608E6039AFD375B /* Assets.xcassets in Resources */,
			);
			runOnlyForDeploymentPostprocessing = 0;
		};
	/* End PBXResourcesBuildPhase section */

	/* Begin PBXSourcesBuildPhase section */
		FC7420AB8FD4500ED8A75E76 /* Sources */ = {
			isa = PBXSourcesBuildPhase;
			buildActionMask = 2147483647;
			files = (
				5FD35E6D6AB93DA097DFB331 /* CodexSwitchApp.swift in Sources */,
				AF9040E18669BF876713A9A6 /* AppEnvironment.swift in Sources */,
				848ED46438C52E7C087C7625 /* CodexProvider.swift in Sources */,
				19E1AEFE83EFBF975B6F033C /* AppState.swift in Sources */,
				E65EF5B5591BA2F57DDE881F /* ProxyServer.swift in Sources */,
				C12A68FD9E9C6BFEEBC059A1 /* CodexConfigManager.swift in Sources */,
				37D48DA58CD056979C8B7359 /* ProtocolConverter.swift in Sources */,
				2174CD10754995A0E9D17825 /* StreamingConverter.swift in Sources */,
				4492CA680EA0DD29B0ECED00 /* InlineThinkSplitter.swift in Sources */,
				0E0BDCF283A30CAC114EA135 /* ChatHistoryStore.swift in Sources */,
				69E108977A132B593405146C /* CodexOAuthManager.swift in Sources */,
				7547C32E544248B7CC03622C /* PresetProviders.swift in Sources */,
				1390F43EBB78C215A5709779 /* CodexToolContext.swift in Sources */,
				9E2D8DDD4F209447D85042A7 /* CircuitBreaker.swift in Sources */,
				6F956A2665CA566C4850C211 /* RequestRectifier.swift in Sources */,
				79F7F492898193DF55758A75 /* Clipboard.swift in Sources */,
				7B3D852BB319E6FB8171A14D /* MainWindow.swift in Sources */,
				02ACC7ED917587CDB84DC6E4 /* MenuBarMenu.swift in Sources */,
				821E70733C3C1FD7F90869BC /* DetailView.swift in Sources */,
				C47A67FBC83CFF258A9FAA83 /* ConnectionStatusView.swift in Sources */,
				D7E3B5EA4DF0278F4C53B58D /* ProviderListView.swift in Sources */,
				F2E63EDE11A53AE67F6FEE65 /* OAuthLoginView.swift in Sources */,
				BC388848C9D715C95B2FB64C /* SettingsView.swift in Sources */,
			);
			runOnlyForDeploymentPostprocessing = 0;
		};
	/* End PBXSourcesBuildPhase section */

	/* Begin XCBuildConfiguration section */
		16781C069AC5E297303B7283 /* Debug */ = {
			isa = XCBuildConfiguration;
			buildSettings = {
				ALWAYS_SEARCH_USER_PATHS = "NO";
				ASSETCATALOG_COMPILER_GENERATE_SWIFT_ASSET_SYMBOL_EXTENSIONS = "YES";
				CLANG_ANALYZER_NONNULL = "YES";
				CLANG_ANALYZER_NUMBER_OBJECT_CONVERSION = "YES_AGGRESSIVE";
				CLANG_CXX_LANGUAGE_STANDARD = "gnu++20";
				CLANG_ENABLE_MODULES = "YES";
				CLANG_ENABLE_OBJC_ARC = "YES";
				CLANG_ENABLE_OBJC_WEAK = "YES";
				CLANG_WARN_BLOCK_CAPTURE_AUTORELEASING = "YES";
				CLANG_WARN_BOOL_CONVERSION = "YES";
				CLANG_WARN_COMMA = "YES";
				CLANG_WARN_CONSTANT_CONVERSION = "YES";
				CLANG_WARN_DEPRECATED_OBJC_IMPLEMENTATIONS = "YES";
				CLANG_WARN_DIRECT_OBJC_ISA_USAGE = "YES_ERROR";
				CLANG_WARN_DOCUMENTATION_COMMENTS = "YES";
				CLANG_WARN_EMPTY_BODY = "YES";
				CLANG_WARN_ENUM_CONVERSION = "YES";
				CLANG_WARN_INFINITE_RECURSION = "YES";
				CLANG_WARN_INT_CONVERSION = "YES";
				CLANG_WARN_NON_LITERAL_NULL_CONVERSION = "YES";
				CLANG_WARN_OBJC_IMPLICIT_RETAIN_SELF = "YES";
				CLANG_WARN_OBJC_LITERAL_CONVERSION = "YES";
				CLANG_WARN_OBJC_ROOT_CLASS = "YES_ERROR";
				CLANG_WARN_QUOTED_INCLUDE_IN_FRAMEWORK_HEADER = "YES";
				CLANG_WARN_RANGE_LOOP_ANALYSIS = "YES";
				CLANG_WARN_STRICT_PROTOTYPES = "YES";
				CLANG_WARN_SUSPICIOUS_MOVE = "YES";
				CLANG_WARN_UNGUARDED_AVAILABILITY = "YES_AGGRESSIVE";
				CLANG_WARN_UNREACHABLE_CODE = "YES";
				CLANG_WARN__DUPLICATE_METHOD_MATCH = "YES";
				COPY_PHASE_STRIP = "NO";
				DEBUG_INFORMATION_FORMAT = "dwarf";
				ENABLE_STRICT_OBJC_MSGSEND = "YES";
				ENABLE_TESTABILITY = "YES";
				ENABLE_USER_SCRIPT_SANDBOXING = "YES";
				GCC_C_LANGUAGE_STANDARD = "gnu17";
				GCC_DYNAMIC_NO_PIC = "NO";
				GCC_NO_COMMON_BLOCKS = "YES";
				GCC_OPTIMIZATION_LEVEL = "0";
				GCC_PREPROCESSOR_DEFINITIONS = (
					"DEBUG=1",
					"$(inherited)",
				);
				GCC_WARN_64_TO_32_BIT_CONVERSION = "YES";
				GCC_WARN_ABOUT_RETURN_TYPE = "YES_ERROR";
				GCC_WARN_UNDECLARED_SELECTOR = "YES";
				GCC_WARN_UNINITIALIZED_AUTOS = "YES_AGGRESSIVE";
				GCC_WARN_UNUSED_FUNCTION = "YES";
				GCC_WARN_UNUSED_VARIABLE = "YES";
				MACOSX_DEPLOYMENT_TARGET = "13.0";
				MTL_ENABLE_DEBUG_INFO = "INCLUDE_SOURCE";
				MTL_FAST_MATH = "YES";
				ONLY_ACTIVE_ARCH = "YES";
				SDKROOT = "macosx";
				SWIFT_ACTIVE_COMPILATION_CONDITIONS = "DEBUG $(inherited)";
				SWIFT_OPTIMIZATION_LEVEL = "-Onone";
				SWIFT_VERSION = "5.0";
			};
			name = Debug;
		};
		AFEAD57C06D8F3109E16B4A4 /* Release */ = {
			isa = XCBuildConfiguration;
			buildSettings = {
				ALWAYS_SEARCH_USER_PATHS = "NO";
				ASSETCATALOG_COMPILER_GENERATE_SWIFT_ASSET_SYMBOL_EXTENSIONS = "YES";
				CLANG_ANALYZER_NONNULL = "YES";
				CLANG_ANALYZER_NUMBER_OBJECT_CONVERSION = "YES_AGGRESSIVE";
				CLANG_CXX_LANGUAGE_STANDARD = "gnu++20";
				CLANG_ENABLE_MODULES = "YES";
				CLANG_ENABLE_OBJC_ARC = "YES";
				CLANG_ENABLE_OBJC_WEAK = "YES";
				CLANG_WARN_BLOCK_CAPTURE_AUTORELEASING = "YES";
				CLANG_WARN_BOOL_CONVERSION = "YES";
				CLANG_WARN_COMMA = "YES";
				CLANG_WARN_CONSTANT_CONVERSION = "YES";
				CLANG_WARN_DEPRECATED_OBJC_IMPLEMENTATIONS = "YES";
				CLANG_WARN_DIRECT_OBJC_ISA_USAGE = "YES_ERROR";
				CLANG_WARN_DOCUMENTATION_COMMENTS = "YES";
				CLANG_WARN_EMPTY_BODY = "YES";
				CLANG_WARN_ENUM_CONVERSION = "YES";
				CLANG_WARN_INFINITE_RECURSION = "YES";
				CLANG_WARN_INT_CONVERSION = "YES";
				CLANG_WARN_NON_LITERAL_NULL_CONVERSION = "YES";
				CLANG_WARN_OBJC_IMPLICIT_RETAIN_SELF = "YES";
				CLANG_WARN_OBJC_LITERAL_CONVERSION = "YES";
				CLANG_WARN_OBJC_ROOT_CLASS = "YES_ERROR";
				CLANG_WARN_QUOTED_INCLUDE_IN_FRAMEWORK_HEADER = "YES";
				CLANG_WARN_RANGE_LOOP_ANALYSIS = "YES";
				CLANG_WARN_STRICT_PROTOTYPES = "YES";
				CLANG_WARN_SUSPICIOUS_MOVE = "YES";
				CLANG_WARN_UNGUARDED_AVAILABILITY = "YES_AGGRESSIVE";
				CLANG_WARN_UNREACHABLE_CODE = "YES";
				CLANG_WARN__DUPLICATE_METHOD_MATCH = "YES";
				COPY_PHASE_STRIP = "NO";
				DEBUG_INFORMATION_FORMAT = "dwarf-with-dsym";
				ENABLE_STRICT_OBJC_MSGSEND = "YES";
				ENABLE_USER_SCRIPT_SANDBOXING = "YES";
				GCC_C_LANGUAGE_STANDARD = "gnu17";
				GCC_NO_COMMON_BLOCKS = "YES";
				GCC_PREPROCESSOR_DEFINITIONS = (
					"DEBUG=1",
					"$(inherited)",
				);
				GCC_WARN_64_TO_32_BIT_CONVERSION = "YES";
				GCC_WARN_ABOUT_RETURN_TYPE = "YES_ERROR";
				GCC_WARN_UNDECLARED_SELECTOR = "YES";
				GCC_WARN_UNINITIALIZED_AUTOS = "YES_AGGRESSIVE";
				GCC_WARN_UNUSED_FUNCTION = "YES";
				GCC_WARN_UNUSED_VARIABLE = "YES";
				MACOSX_DEPLOYMENT_TARGET = "13.0";
				MTL_ENABLE_DEBUG_INFO = "NO";
				MTL_FAST_MATH = "YES";
				ONLY_ACTIVE_ARCH = "YES";
				SDKROOT = "macosx";
				SWIFT_OPTIMIZATION_LEVEL = "-O";
				SWIFT_VERSION = "5.0";
				ENABLE_NS_ASSERTIONS = "NO";
				SWIFT_COMPILATION_MODE = "wholemodule";
				SWIFT_ACTIVE_COMPILATION_CONDITIONS = "$(inherited)";
			};
			name = Release;
		};
		2DE9568AC73FCA0701110302 /* Debug */ = {
			isa = XCBuildConfiguration;
			buildSettings = {
				ASSETCATALOG_COMPILER_APPICON_NAME = "AppIcon";
				CODE_SIGN_ENTITLEMENTS = "CodexSwitch/CodexSwitch.entitlements";
				CODE_SIGN_STYLE = "Manual";
				COMBINE_HIDPI_IMAGES = "YES";
				CURRENT_PROJECT_VERSION = "1";
				DEVELOPMENT_TEAM = "";
				ENABLE_HARDENED_RUNTIME = "YES";
				GENERATE_INFOPLIST_FILE = "NO";
				INFOPLIST_FILE = "CodexSwitch/Info.plist";
				INFOPLIST_KEY_NSHumanReadableCopyright = "";
				LD_RUNPATH_SEARCH_PATHS = (
					"$(inherited)",
					"@executable_path/../Frameworks",
				);
				MACOSX_DEPLOYMENT_TARGET = "13.0";
				MARKETING_VERSION = "1.4.1";
				PRODUCT_BUNDLE_IDENTIFIER = "com.codex.switch";
				PRODUCT_NAME = "$(TARGET_NAME)";
				SWIFT_EMIT_LOC_STRINGS = "YES";
				SWIFT_VERSION = "5.0";
			};
			name = Debug;
		};
		6AD8070C105DEA2013B8A445 /* Release */ = {
			isa = XCBuildConfiguration;
			buildSettings = {
				ASSETCATALOG_COMPILER_APPICON_NAME = "AppIcon";
				CODE_SIGN_ENTITLEMENTS = "CodexSwitch/CodexSwitch.entitlements";
				CODE_SIGN_STYLE = "Manual";
				COMBINE_HIDPI_IMAGES = "YES";
				CURRENT_PROJECT_VERSION = "1";
				DEVELOPMENT_TEAM = "";
				ENABLE_HARDENED_RUNTIME = "YES";
				GENERATE_INFOPLIST_FILE = "NO";
				INFOPLIST_FILE = "CodexSwitch/Info.plist";
				INFOPLIST_KEY_NSHumanReadableCopyright = "";
				LD_RUNPATH_SEARCH_PATHS = (
					"$(inherited)",
					"@executable_path/../Frameworks",
				);
				MACOSX_DEPLOYMENT_TARGET = "13.0";
				MARKETING_VERSION = "1.4.1";
				PRODUCT_BUNDLE_IDENTIFIER = "com.codex.switch";
				PRODUCT_NAME = "$(TARGET_NAME)";
				SWIFT_EMIT_LOC_STRINGS = "YES";
				SWIFT_VERSION = "5.0";
			};
			name = Release;
		};
	/* End XCBuildConfiguration section */

	/* Begin XCConfigurationList section */
		57BE98F1A1F4D6BCDB848DF3 /* Build configuration list for PBXProject "CodexSwitch" */ = {
			isa = XCConfigurationList;
			buildConfigurations = (
				16781C069AC5E297303B7283 /* Debug */,
				AFEAD57C06D8F3109E16B4A4 /* Release */,
			);
			defaultConfigurationIsVisible = 0;
			defaultConfigurationName = Release;
		};
		7D9531893CA9FB4FE2169257 /* Build configuration list for PBXNativeTarget "CodexSwitch" */ = {
			isa = XCConfigurationList;
			buildConfigurations = (
				2DE9568AC73FCA0701110302 /* Debug */,
				6AD8070C105DEA2013B8A445 /* Release */,
			);
			defaultConfigurationIsVisible = 0;
			defaultConfigurationName = Release;
		};
	/* End XCConfigurationList section */
		};
		rootObject = 3DBBD9E632F101C3A388A64A /* Project object */;
	}
