	// !$*UTF8*$!
	{
		archiveVersion = 1;
		classes = {
		};
		objectVersion = 56;
		objects = {

	/* Begin PBXBuildFile section */
		B6BE107672EF7DE468C97C88 /* CodexSwitchApp.swift in Sources */ = {isa = PBXBuildFile; fileRef = 4BFA4ECB732AF87C5568CB9C /* CodexSwitchApp.swift */; };
		2D578AB6866E1AFF7FE8984F /* AppEnvironment.swift in Sources */ = {isa = PBXBuildFile; fileRef = F2F1F05440D25D77E1DC4B9E /* AppEnvironment.swift */; };
		8C44792CC060156114D48FDA /* Localization.swift in Sources */ = {isa = PBXBuildFile; fileRef = AD07E0C971D42E15913FB245 /* Localization.swift */; };
		AAB3D15F86E7FA82101F0CBA /* CodexProvider.swift in Sources */ = {isa = PBXBuildFile; fileRef = EDC14E69A265E3C857F751B3 /* CodexProvider.swift */; };
		DD6E2FB6F82E8FEDF6B069DE /* AppState.swift in Sources */ = {isa = PBXBuildFile; fileRef = B49D433A9BC60482B60A6C57 /* AppState.swift */; };
		DAD2C1690BDEBEB608E7FC1E /* ProxyServer.swift in Sources */ = {isa = PBXBuildFile; fileRef = 53C2B3F619CBEE881CD4D382 /* ProxyServer.swift */; };
		6C38A00F0D089510EF2B1C75 /* CodexConfigManager.swift in Sources */ = {isa = PBXBuildFile; fileRef = 218FF678394F9A59AF6C830C /* CodexConfigManager.swift */; };
		695C195973B754609A103A1A /* ProtocolConverter.swift in Sources */ = {isa = PBXBuildFile; fileRef = BFD3D8BC089B4F0712B357E9 /* ProtocolConverter.swift */; };
		2CE3ACD6EF67C066F609B0E7 /* StreamingConverter.swift in Sources */ = {isa = PBXBuildFile; fileRef = 19C3A292DFF83F94CECE5C5B /* StreamingConverter.swift */; };
		FF5C6F1448787BE72BBE1748 /* InlineThinkSplitter.swift in Sources */ = {isa = PBXBuildFile; fileRef = 38472D6E41A6B8F53199F038 /* InlineThinkSplitter.swift */; };
		F47EEC9287AFDD9C7DCCEE6A /* ChatHistoryStore.swift in Sources */ = {isa = PBXBuildFile; fileRef = E41E01F00FF75E152B44AA0C /* ChatHistoryStore.swift */; };
		7A33ABE4984545A473B7E0B7 /* CodexOAuthManager.swift in Sources */ = {isa = PBXBuildFile; fileRef = CEA83532E7159E32C5066070 /* CodexOAuthManager.swift */; };
		D0D3D327B45CB87E9C4A9A6C /* PresetProviders.swift in Sources */ = {isa = PBXBuildFile; fileRef = 030DF2DBB0CEF0AA75FA4A9F /* PresetProviders.swift */; };
		AA9D3469004676D3B872EB90 /* CodexToolContext.swift in Sources */ = {isa = PBXBuildFile; fileRef = FB099C06F0CC01B8AF8617E3 /* CodexToolContext.swift */; };
		B783D5313A8B294B15BFAD8E /* ApplyPatchPreflight.swift in Sources */ = {isa = PBXBuildFile; fileRef = 2C86EBCD0DCF53A2855D9B8D /* ApplyPatchPreflight.swift */; };
		54E27B3B47EA2F676A61C64D /* ApplyPatchGuidance.swift in Sources */ = {isa = PBXBuildFile; fileRef = 8DC4EC234B7D1561C5FD4C35 /* ApplyPatchGuidance.swift */; };
		76C7128B1E7C89E4493F1621 /* CircuitBreaker.swift in Sources */ = {isa = PBXBuildFile; fileRef = 37AF126A741C6BEEE299BBF4 /* CircuitBreaker.swift */; };
		50D0574F0723389362AE22BC /* RequestRectifier.swift in Sources */ = {isa = PBXBuildFile; fileRef = DADAA01D20540ED401DFBF7D /* RequestRectifier.swift */; };
		48E55BFD21EF4821C03D196B /* Clipboard.swift in Sources */ = {isa = PBXBuildFile; fileRef = 0E074BB562FBD210CAD82654 /* Clipboard.swift */; };
		DD272D658927FC10FB9621D3 /* MainWindow.swift in Sources */ = {isa = PBXBuildFile; fileRef = 3FDCE9BC763776909802BC87 /* MainWindow.swift */; };
		E47DC3C4838A5FF81B268160 /* MenuBarMenu.swift in Sources */ = {isa = PBXBuildFile; fileRef = 4CD0E2F8B05421DB446CB3CA /* MenuBarMenu.swift */; };
		200E5B036C74DB4E5C7D32B1 /* DetailView.swift in Sources */ = {isa = PBXBuildFile; fileRef = 503C689811F97B8644E128F2 /* DetailView.swift */; };
		BBECB16F7D64A23E61462D22 /* ConnectionStatusView.swift in Sources */ = {isa = PBXBuildFile; fileRef = B46D94B174FB1180B5A5121E /* ConnectionStatusView.swift */; };
		2BCC10991A98510E119BF528 /* ProviderListView.swift in Sources */ = {isa = PBXBuildFile; fileRef = 17D3462608434D2030C65512 /* ProviderListView.swift */; };
		C674923E55054B60AB5114D3 /* OAuthLoginView.swift in Sources */ = {isa = PBXBuildFile; fileRef = FD8ABE258AEA99208FC4C296 /* OAuthLoginView.swift */; };
		A0596FC9013E492D29A26A31 /* SettingsView.swift in Sources */ = {isa = PBXBuildFile; fileRef = CC3B075D0E4B8873CBCE1D37 /* SettingsView.swift */; };
		EFA6973C4844792390D7FD76 /* Assets.xcassets in Resources */ = {isa = PBXBuildFile; fileRef = 77C9A105BD697FAC7A925920 /* Assets.xcassets */; };
	/* End PBXBuildFile section */

	/* Begin PBXFileReference section */
		4BFA4ECB732AF87C5568CB9C /* CodexSwitchApp.swift */ = {isa = PBXFileReference; lastKnownFileType = sourcecode.swift; path = "CodexSwitchApp.swift"; sourceTree = "<group>"; };
		F2F1F05440D25D77E1DC4B9E /* AppEnvironment.swift */ = {isa = PBXFileReference; lastKnownFileType = sourcecode.swift; path = "AppEnvironment.swift"; sourceTree = "<group>"; };
		AD07E0C971D42E15913FB245 /* Localization.swift */ = {isa = PBXFileReference; lastKnownFileType = sourcecode.swift; path = "Localization.swift"; sourceTree = "<group>"; };
		EDC14E69A265E3C857F751B3 /* CodexProvider.swift */ = {isa = PBXFileReference; lastKnownFileType = sourcecode.swift; path = "CodexProvider.swift"; sourceTree = "<group>"; };
		B49D433A9BC60482B60A6C57 /* AppState.swift */ = {isa = PBXFileReference; lastKnownFileType = sourcecode.swift; path = "AppState.swift"; sourceTree = "<group>"; };
		53C2B3F619CBEE881CD4D382 /* ProxyServer.swift */ = {isa = PBXFileReference; lastKnownFileType = sourcecode.swift; path = "ProxyServer.swift"; sourceTree = "<group>"; };
		218FF678394F9A59AF6C830C /* CodexConfigManager.swift */ = {isa = PBXFileReference; lastKnownFileType = sourcecode.swift; path = "CodexConfigManager.swift"; sourceTree = "<group>"; };
		BFD3D8BC089B4F0712B357E9 /* ProtocolConverter.swift */ = {isa = PBXFileReference; lastKnownFileType = sourcecode.swift; path = "ProtocolConverter.swift"; sourceTree = "<group>"; };
		19C3A292DFF83F94CECE5C5B /* StreamingConverter.swift */ = {isa = PBXFileReference; lastKnownFileType = sourcecode.swift; path = "StreamingConverter.swift"; sourceTree = "<group>"; };
		38472D6E41A6B8F53199F038 /* InlineThinkSplitter.swift */ = {isa = PBXFileReference; lastKnownFileType = sourcecode.swift; path = "InlineThinkSplitter.swift"; sourceTree = "<group>"; };
		E41E01F00FF75E152B44AA0C /* ChatHistoryStore.swift */ = {isa = PBXFileReference; lastKnownFileType = sourcecode.swift; path = "ChatHistoryStore.swift"; sourceTree = "<group>"; };
		CEA83532E7159E32C5066070 /* CodexOAuthManager.swift */ = {isa = PBXFileReference; lastKnownFileType = sourcecode.swift; path = "CodexOAuthManager.swift"; sourceTree = "<group>"; };
		030DF2DBB0CEF0AA75FA4A9F /* PresetProviders.swift */ = {isa = PBXFileReference; lastKnownFileType = sourcecode.swift; path = "PresetProviders.swift"; sourceTree = "<group>"; };
		FB099C06F0CC01B8AF8617E3 /* CodexToolContext.swift */ = {isa = PBXFileReference; lastKnownFileType = sourcecode.swift; path = "CodexToolContext.swift"; sourceTree = "<group>"; };
		2C86EBCD0DCF53A2855D9B8D /* ApplyPatchPreflight.swift */ = {isa = PBXFileReference; lastKnownFileType = sourcecode.swift; path = "ApplyPatchPreflight.swift"; sourceTree = "<group>"; };
		8DC4EC234B7D1561C5FD4C35 /* ApplyPatchGuidance.swift */ = {isa = PBXFileReference; lastKnownFileType = sourcecode.swift; path = "ApplyPatchGuidance.swift"; sourceTree = "<group>"; };
		37AF126A741C6BEEE299BBF4 /* CircuitBreaker.swift */ = {isa = PBXFileReference; lastKnownFileType = sourcecode.swift; path = "CircuitBreaker.swift"; sourceTree = "<group>"; };
		DADAA01D20540ED401DFBF7D /* RequestRectifier.swift */ = {isa = PBXFileReference; lastKnownFileType = sourcecode.swift; path = "RequestRectifier.swift"; sourceTree = "<group>"; };
		0E074BB562FBD210CAD82654 /* Clipboard.swift */ = {isa = PBXFileReference; lastKnownFileType = sourcecode.swift; path = "Clipboard.swift"; sourceTree = "<group>"; };
		3FDCE9BC763776909802BC87 /* MainWindow.swift */ = {isa = PBXFileReference; lastKnownFileType = sourcecode.swift; path = "MainWindow.swift"; sourceTree = "<group>"; };
		4CD0E2F8B05421DB446CB3CA /* MenuBarMenu.swift */ = {isa = PBXFileReference; lastKnownFileType = sourcecode.swift; path = "MenuBarMenu.swift"; sourceTree = "<group>"; };
		503C689811F97B8644E128F2 /* DetailView.swift */ = {isa = PBXFileReference; lastKnownFileType = sourcecode.swift; path = "DetailView.swift"; sourceTree = "<group>"; };
		B46D94B174FB1180B5A5121E /* ConnectionStatusView.swift */ = {isa = PBXFileReference; lastKnownFileType = sourcecode.swift; path = "ConnectionStatusView.swift"; sourceTree = "<group>"; };
		17D3462608434D2030C65512 /* ProviderListView.swift */ = {isa = PBXFileReference; lastKnownFileType = sourcecode.swift; path = "ProviderListView.swift"; sourceTree = "<group>"; };
		FD8ABE258AEA99208FC4C296 /* OAuthLoginView.swift */ = {isa = PBXFileReference; lastKnownFileType = sourcecode.swift; path = "OAuthLoginView.swift"; sourceTree = "<group>"; };
		CC3B075D0E4B8873CBCE1D37 /* SettingsView.swift */ = {isa = PBXFileReference; lastKnownFileType = sourcecode.swift; path = "SettingsView.swift"; sourceTree = "<group>"; };
		69B7B3DB3F2BC46FFC6127F8 /* Info.plist */ = {isa = PBXFileReference; lastKnownFileType = text.plist.xml; path = Info.plist; sourceTree = "<group>"; };
		38997CCDE1064A9C241589A3 /* CodexSwitch.entitlements */ = {isa = PBXFileReference; lastKnownFileType = text.plist.entitlements; path = CodexSwitch.entitlements; sourceTree = "<group>"; };
		77C9A105BD697FAC7A925920 /* Assets.xcassets */ = {isa = PBXFileReference; lastKnownFileType = folder.assetcatalog; path = Assets.xcassets; sourceTree = "<group>"; };
	/* End PBXFileReference section */

	/* Begin PBXFrameworksBuildPhase section */
		74D26F02EF8ABD512CEB2B51 /* Frameworks */ = {
			isa = PBXFrameworksBuildPhase;
			buildActionMask = 2147483647;
			files = (
			);
			runOnlyForDeploymentPostprocessing = 0;
		};
	/* End PBXFrameworksBuildPhase section */

	/* Begin PBXGroup section */
		86BA3ABF7AF68AF2445C6F8E /* Models */ = {
			isa = PBXGroup;
			children = (
				EDC14E69A265E3C857F751B3 /* CodexProvider.swift */,
			);
			path = Models;
			sourceTree = "<group>";
		};
		205109F18A3276D2C018EB51 /* Localization */ = {
			isa = PBXGroup;
			children = (
				AD07E0C971D42E15913FB245 /* Localization.swift */,
			);
			path = Localization;
			sourceTree = "<group>";
		};
		7FFD9F3E6EFFDF4C25B4A59A /* ViewModels */ = {
			isa = PBXGroup;
			children = (
				B49D433A9BC60482B60A6C57 /* AppState.swift */,
			);
			path = ViewModels;
			sourceTree = "<group>";
		};
		57DFB5DEB3D19524A0CB86E7 /* Views */ = {
			isa = PBXGroup;
			children = (
				3FDCE9BC763776909802BC87 /* MainWindow.swift */,
				4CD0E2F8B05421DB446CB3CA /* MenuBarMenu.swift */,
				503C689811F97B8644E128F2 /* DetailView.swift */,
				B46D94B174FB1180B5A5121E /* ConnectionStatusView.swift */,
				17D3462608434D2030C65512 /* ProviderListView.swift */,
				FD8ABE258AEA99208FC4C296 /* OAuthLoginView.swift */,
				CC3B075D0E4B8873CBCE1D37 /* SettingsView.swift */,
			);
			path = Views;
			sourceTree = "<group>";
		};
		10D6DB9DDFF9C8786ED99C14 /* Services */ = {
			isa = PBXGroup;
			children = (
				53C2B3F619CBEE881CD4D382 /* ProxyServer.swift */,
				218FF678394F9A59AF6C830C /* CodexConfigManager.swift */,
				BFD3D8BC089B4F0712B357E9 /* ProtocolConverter.swift */,
				19C3A292DFF83F94CECE5C5B /* StreamingConverter.swift */,
				38472D6E41A6B8F53199F038 /* InlineThinkSplitter.swift */,
				E41E01F00FF75E152B44AA0C /* ChatHistoryStore.swift */,
				CEA83532E7159E32C5066070 /* CodexOAuthManager.swift */,
				030DF2DBB0CEF0AA75FA4A9F /* PresetProviders.swift */,
				FB099C06F0CC01B8AF8617E3 /* CodexToolContext.swift */,
				2C86EBCD0DCF53A2855D9B8D /* ApplyPatchPreflight.swift */,
				8DC4EC234B7D1561C5FD4C35 /* ApplyPatchGuidance.swift */,
				37AF126A741C6BEEE299BBF4 /* CircuitBreaker.swift */,
				DADAA01D20540ED401DFBF7D /* RequestRectifier.swift */,
				0E074BB562FBD210CAD82654 /* Clipboard.swift */,
			);
			path = Services;
			sourceTree = "<group>";
		};
		AA2598CD45F264BE35CD0EE4 /* CodexSwitch */ = {
			isa = PBXGroup;
			children = (
				4BFA4ECB732AF87C5568CB9C /* CodexSwitchApp.swift */,
				F2F1F05440D25D77E1DC4B9E /* AppEnvironment.swift */,
				86BA3ABF7AF68AF2445C6F8E /* Models */,
				7FFD9F3E6EFFDF4C25B4A59A /* ViewModels */,
				57DFB5DEB3D19524A0CB86E7 /* Views */,
				10D6DB9DDFF9C8786ED99C14 /* Services */,
				205109F18A3276D2C018EB51 /* Localization */,
				77C9A105BD697FAC7A925920 /* Assets.xcassets */,
				69B7B3DB3F2BC46FFC6127F8 /* Info.plist */,
				38997CCDE1064A9C241589A3 /* CodexSwitch.entitlements */,
			);
			path = CodexSwitch;
			sourceTree = "<group>";
		};
		E6410EB82E188FEB1D1B4BCD = {
			isa = PBXGroup;
			children = (
				AA2598CD45F264BE35CD0EE4 /* CodexSwitch */,
			);
			sourceTree = "<group>";
		};
	/* End PBXGroup section */

	/* Begin PBXNativeTarget section */
		92CFF1023258937A1DEE7BA7 /* CodexSwitch */ = {
			isa = PBXNativeTarget;
			buildConfigurationList = AD1C2F1D373F059401EB5AE4 /* Build configuration list for PBXNativeTarget "CodexSwitch" */;
			buildPhases = (
				2E895675F9ED71E9F864C109 /* Sources */,
				74D26F02EF8ABD512CEB2B51 /* Frameworks */,
				EB70BF3CF5059960336DCDB8 /* Resources */,
			);
			buildRules = (
			);
			dependencies = (
			);
			name = CodexSwitch;
			productName = CodexSwitch;
			productReference = B63E902D495B5E4AF79DC066 /* CodexSwitch.app */;
			productType = "com.apple.product-type.application";
		};
	/* End PBXNativeTarget section */

	/* Begin PBXProject section */
		2272E925F470CAD155B75BFD /* Project object */ = {
			isa = PBXProject;
			attributes = {
				BuildIndependentTargetsInParallel = 1;
				LastSwiftUpdateCheck = 1500;
				LastUpgradeCheck = 1500;
				TargetAttributes = {
					92CFF1023258937A1DEE7BA7 = {
						CreatedOnToolsVersion = 15.0;
					};
				};
			};
			buildConfigurationList = 9A073FF63F260F01A63BE1DC /* Build configuration list for PBXProject "CodexSwitch" */;
			compatibilityVersion = "Xcode 14.0";
			developmentRegion = en;
			hasScannedForEncodings = 0;
			knownRegions = (
				en,
				Base,
			);
			mainGroup = E6410EB82E188FEB1D1B4BCD;
			productRefGroup = AA2598CD45F264BE35CD0EE4 /* CodexSwitch */;
			projectDirPath = "";
			projectRoot = "";
			targets = (
				92CFF1023258937A1DEE7BA7 /* CodexSwitch */,
			);
		};
	/* End PBXProject section */

	/* Begin PBXResourcesBuildPhase section */
		EB70BF3CF5059960336DCDB8 /* Resources */ = {
			isa = PBXResourcesBuildPhase;
			buildActionMask = 2147483647;
			files = (
				EFA6973C4844792390D7FD76 /* Assets.xcassets in Resources */,
			);
			runOnlyForDeploymentPostprocessing = 0;
		};
	/* End PBXResourcesBuildPhase section */

	/* Begin PBXSourcesBuildPhase section */
		2E895675F9ED71E9F864C109 /* Sources */ = {
			isa = PBXSourcesBuildPhase;
			buildActionMask = 2147483647;
			files = (
				B6BE107672EF7DE468C97C88 /* CodexSwitchApp.swift in Sources */,
				2D578AB6866E1AFF7FE8984F /* AppEnvironment.swift in Sources */,
				8C44792CC060156114D48FDA /* Localization.swift in Sources */,
				AAB3D15F86E7FA82101F0CBA /* CodexProvider.swift in Sources */,
				DD6E2FB6F82E8FEDF6B069DE /* AppState.swift in Sources */,
				DAD2C1690BDEBEB608E7FC1E /* ProxyServer.swift in Sources */,
				6C38A00F0D089510EF2B1C75 /* CodexConfigManager.swift in Sources */,
				695C195973B754609A103A1A /* ProtocolConverter.swift in Sources */,
				2CE3ACD6EF67C066F609B0E7 /* StreamingConverter.swift in Sources */,
				FF5C6F1448787BE72BBE1748 /* InlineThinkSplitter.swift in Sources */,
				F47EEC9287AFDD9C7DCCEE6A /* ChatHistoryStore.swift in Sources */,
				7A33ABE4984545A473B7E0B7 /* CodexOAuthManager.swift in Sources */,
				D0D3D327B45CB87E9C4A9A6C /* PresetProviders.swift in Sources */,
				AA9D3469004676D3B872EB90 /* CodexToolContext.swift in Sources */,
				B783D5313A8B294B15BFAD8E /* ApplyPatchPreflight.swift in Sources */,
				54E27B3B47EA2F676A61C64D /* ApplyPatchGuidance.swift in Sources */,
				76C7128B1E7C89E4493F1621 /* CircuitBreaker.swift in Sources */,
				50D0574F0723389362AE22BC /* RequestRectifier.swift in Sources */,
				48E55BFD21EF4821C03D196B /* Clipboard.swift in Sources */,
				DD272D658927FC10FB9621D3 /* MainWindow.swift in Sources */,
				E47DC3C4838A5FF81B268160 /* MenuBarMenu.swift in Sources */,
				200E5B036C74DB4E5C7D32B1 /* DetailView.swift in Sources */,
				BBECB16F7D64A23E61462D22 /* ConnectionStatusView.swift in Sources */,
				2BCC10991A98510E119BF528 /* ProviderListView.swift in Sources */,
				C674923E55054B60AB5114D3 /* OAuthLoginView.swift in Sources */,
				A0596FC9013E492D29A26A31 /* SettingsView.swift in Sources */,
			);
			runOnlyForDeploymentPostprocessing = 0;
		};
	/* End PBXSourcesBuildPhase section */

	/* Begin XCBuildConfiguration section */
		650A4AED978C87544155272C /* Debug */ = {
			isa = XCBuildConfiguration;
			buildSettings = {
				ALWAYS_SEARCH_USER_PATHS = "NO";
				ASSETCATALOG_COMPILER_GENERATE_SWIFT_ASSET_SYMBOL_EXTENSIONS = "YES";
				CLANG_ANALYZER_NONNULL = "YES";
				CLANG_ANALYZER_NUMBER_OBJECT_CONVERSION = "YES_AGGRESSIVE";
				CLANG_CXX_LANGUAGE_STANDARD = "gnu++20";
				CLANG_ENABLE_MODULES = "YES";
				CLANG_ENABLE_OBJC_ARC = "YES";
				CLANG_ENABLE_OBJC_WEAK = "YES";
				CLANG_WARN_BLOCK_CAPTURE_AUTORELEASING = "YES";
				CLANG_WARN_BOOL_CONVERSION = "YES";
				CLANG_WARN_COMMA = "YES";
				CLANG_WARN_CONSTANT_CONVERSION = "YES";
				CLANG_WARN_DEPRECATED_OBJC_IMPLEMENTATIONS = "YES";
				CLANG_WARN_DIRECT_OBJC_ISA_USAGE = "YES_ERROR";
				CLANG_WARN_DOCUMENTATION_COMMENTS = "YES";
				CLANG_WARN_EMPTY_BODY = "YES";
				CLANG_WARN_ENUM_CONVERSION = "YES";
				CLANG_WARN_INFINITE_RECURSION = "YES";
				CLANG_WARN_INT_CONVERSION = "YES";
				CLANG_WARN_NON_LITERAL_NULL_CONVERSION = "YES";
				CLANG_WARN_OBJC_IMPLICIT_RETAIN_SELF = "YES";
				CLANG_WARN_OBJC_LITERAL_CONVERSION = "YES";
				CLANG_WARN_OBJC_ROOT_CLASS = "YES_ERROR";
				CLANG_WARN_QUOTED_INCLUDE_IN_FRAMEWORK_HEADER = "YES";
				CLANG_WARN_RANGE_LOOP_ANALYSIS = "YES";
				CLANG_WARN_STRICT_PROTOTYPES = "YES";
				CLANG_WARN_SUSPICIOUS_MOVE = "YES";
				CLANG_WARN_UNGUARDED_AVAILABILITY = "YES_AGGRESSIVE";
				CLANG_WARN_UNREACHABLE_CODE = "YES";
				CLANG_WARN__DUPLICATE_METHOD_MATCH = "YES";
				COPY_PHASE_STRIP = "NO";
				DEBUG_INFORMATION_FORMAT = "dwarf";
				ENABLE_STRICT_OBJC_MSGSEND = "YES";
				ENABLE_TESTABILITY = "YES";
				ENABLE_USER_SCRIPT_SANDBOXING = "YES";
				GCC_C_LANGUAGE_STANDARD = "gnu17";
				GCC_DYNAMIC_NO_PIC = "NO";
				GCC_NO_COMMON_BLOCKS = "YES";
				GCC_OPTIMIZATION_LEVEL = "0";
				GCC_PREPROCESSOR_DEFINITIONS = (
					"DEBUG=1",
					"$(inherited)",
				);
				GCC_WARN_64_TO_32_BIT_CONVERSION = "YES";
				GCC_WARN_ABOUT_RETURN_TYPE = "YES_ERROR";
				GCC_WARN_UNDECLARED_SELECTOR = "YES";
				GCC_WARN_UNINITIALIZED_AUTOS = "YES_AGGRESSIVE";
				GCC_WARN_UNUSED_FUNCTION = "YES";
				GCC_WARN_UNUSED_VARIABLE = "YES";
				MACOSX_DEPLOYMENT_TARGET = "13.0";
				MTL_ENABLE_DEBUG_INFO = "INCLUDE_SOURCE";
				MTL_FAST_MATH = "YES";
				ONLY_ACTIVE_ARCH = "YES";
				SDKROOT = "macosx";
				SWIFT_ACTIVE_COMPILATION_CONDITIONS = "DEBUG $(inherited)";
				SWIFT_OPTIMIZATION_LEVEL = "-Onone";
				SWIFT_VERSION = "5.0";
			};
			name = Debug;
		};
		2CE8A3805AE0B48780AA3F71 /* Release */ = {
			isa = XCBuildConfiguration;
			buildSettings = {
				ALWAYS_SEARCH_USER_PATHS = "NO";
				ASSETCATALOG_COMPILER_GENERATE_SWIFT_ASSET_SYMBOL_EXTENSIONS = "YES";
				CLANG_ANALYZER_NONNULL = "YES";
				CLANG_ANALYZER_NUMBER_OBJECT_CONVERSION = "YES_AGGRESSIVE";
				CLANG_CXX_LANGUAGE_STANDARD = "gnu++20";
				CLANG_ENABLE_MODULES = "YES";
				CLANG_ENABLE_OBJC_ARC = "YES";
				CLANG_ENABLE_OBJC_WEAK = "YES";
				CLANG_WARN_BLOCK_CAPTURE_AUTORELEASING = "YES";
				CLANG_WARN_BOOL_CONVERSION = "YES";
				CLANG_WARN_COMMA = "YES";
				CLANG_WARN_CONSTANT_CONVERSION = "YES";
				CLANG_WARN_DEPRECATED_OBJC_IMPLEMENTATIONS = "YES";
				CLANG_WARN_DIRECT_OBJC_ISA_USAGE = "YES_ERROR";
				CLANG_WARN_DOCUMENTATION_COMMENTS = "YES";
				CLANG_WARN_EMPTY_BODY = "YES";
				CLANG_WARN_ENUM_CONVERSION = "YES";
				CLANG_WARN_INFINITE_RECURSION = "YES";
				CLANG_WARN_INT_CONVERSION = "YES";
				CLANG_WARN_NON_LITERAL_NULL_CONVERSION = "YES";
				CLANG_WARN_OBJC_IMPLICIT_RETAIN_SELF = "YES";
				CLANG_WARN_OBJC_LITERAL_CONVERSION = "YES";
				CLANG_WARN_OBJC_ROOT_CLASS = "YES_ERROR";
				CLANG_WARN_QUOTED_INCLUDE_IN_FRAMEWORK_HEADER = "YES";
				CLANG_WARN_RANGE_LOOP_ANALYSIS = "YES";
				CLANG_WARN_STRICT_PROTOTYPES = "YES";
				CLANG_WARN_SUSPICIOUS_MOVE = "YES";
				CLANG_WARN_UNGUARDED_AVAILABILITY = "YES_AGGRESSIVE";
				CLANG_WARN_UNREACHABLE_CODE = "YES";
				CLANG_WARN__DUPLICATE_METHOD_MATCH = "YES";
				COPY_PHASE_STRIP = "NO";
				DEBUG_INFORMATION_FORMAT = "dwarf-with-dsym";
				ENABLE_STRICT_OBJC_MSGSEND = "YES";
				ENABLE_USER_SCRIPT_SANDBOXING = "YES";
				GCC_C_LANGUAGE_STANDARD = "gnu17";
				GCC_NO_COMMON_BLOCKS = "YES";
				GCC_PREPROCESSOR_DEFINITIONS = (
					"DEBUG=1",
					"$(inherited)",
				);
				GCC_WARN_64_TO_32_BIT_CONVERSION = "YES";
				GCC_WARN_ABOUT_RETURN_TYPE = "YES_ERROR";
				GCC_WARN_UNDECLARED_SELECTOR = "YES";
				GCC_WARN_UNINITIALIZED_AUTOS = "YES_AGGRESSIVE";
				GCC_WARN_UNUSED_FUNCTION = "YES";
				GCC_WARN_UNUSED_VARIABLE = "YES";
				MACOSX_DEPLOYMENT_TARGET = "13.0";
				MTL_ENABLE_DEBUG_INFO = "NO";
				MTL_FAST_MATH = "YES";
				ONLY_ACTIVE_ARCH = "YES";
				SDKROOT = "macosx";
				SWIFT_OPTIMIZATION_LEVEL = "-O";
				SWIFT_VERSION = "5.0";
				ENABLE_NS_ASSERTIONS = "NO";
				SWIFT_COMPILATION_MODE = "wholemodule";
				SWIFT_ACTIVE_COMPILATION_CONDITIONS = "$(inherited)";
			};
			name = Release;
		};
		B58353ED50CE8BFF476830DF /* Debug */ = {
			isa = XCBuildConfiguration;
			buildSettings = {
				ASSETCATALOG_COMPILER_APPICON_NAME = "AppIcon";
				CODE_SIGN_ENTITLEMENTS = "CodexSwitch/CodexSwitch.entitlements";
				CODE_SIGN_STYLE = "Manual";
				COMBINE_HIDPI_IMAGES = "YES";
				CURRENT_PROJECT_VERSION = "1";
				DEVELOPMENT_TEAM = "";
				ENABLE_HARDENED_RUNTIME = "YES";
				GENERATE_INFOPLIST_FILE = "NO";
				INFOPLIST_FILE = "CodexSwitch/Info.plist";
				INFOPLIST_KEY_NSHumanReadableCopyright = "";
				LD_RUNPATH_SEARCH_PATHS = (
					"$(inherited)",
					"@executable_path/../Frameworks",
				);
				MACOSX_DEPLOYMENT_TARGET = "13.0";
				MARKETING_VERSION = "1.4.3";
				PRODUCT_BUNDLE_IDENTIFIER = "com.codex.switch";
				PRODUCT_NAME = "$(TARGET_NAME)";
				SWIFT_EMIT_LOC_STRINGS = "YES";
				SWIFT_VERSION = "5.0";
			};
			name = Debug;
		};
		9FA76C995B04FEBDFB40C45A /* Release */ = {
			isa = XCBuildConfiguration;
			buildSettings = {
				ASSETCATALOG_COMPILER_APPICON_NAME = "AppIcon";
				CODE_SIGN_ENTITLEMENTS = "CodexSwitch/CodexSwitch.entitlements";
				CODE_SIGN_STYLE = "Manual";
				COMBINE_HIDPI_IMAGES = "YES";
				CURRENT_PROJECT_VERSION = "1";
				DEVELOPMENT_TEAM = "";
				ENABLE_HARDENED_RUNTIME = "YES";
				GENERATE_INFOPLIST_FILE = "NO";
				INFOPLIST_FILE = "CodexSwitch/Info.plist";
				INFOPLIST_KEY_NSHumanReadableCopyright = "";
				LD_RUNPATH_SEARCH_PATHS = (
					"$(inherited)",
					"@executable_path/../Frameworks",
				);
				MACOSX_DEPLOYMENT_TARGET = "13.0";
				MARKETING_VERSION = "1.4.3";
				PRODUCT_BUNDLE_IDENTIFIER = "com.codex.switch";
				PRODUCT_NAME = "$(TARGET_NAME)";
				SWIFT_EMIT_LOC_STRINGS = "YES";
				SWIFT_VERSION = "5.0";
			};
			name = Release;
		};
	/* End XCBuildConfiguration section */

	/* Begin XCConfigurationList section */
		9A073FF63F260F01A63BE1DC /* Build configuration list for PBXProject "CodexSwitch" */ = {
			isa = XCConfigurationList;
			buildConfigurations = (
				650A4AED978C87544155272C /* Debug */,
				2CE8A3805AE0B48780AA3F71 /* Release */,
			);
			defaultConfigurationIsVisible = 0;
			defaultConfigurationName = Release;
		};
		AD1C2F1D373F059401EB5AE4 /* Build configuration list for PBXNativeTarget "CodexSwitch" */ = {
			isa = XCConfigurationList;
			buildConfigurations = (
				B58353ED50CE8BFF476830DF /* Debug */,
				9FA76C995B04FEBDFB40C45A /* Release */,
			);
			defaultConfigurationIsVisible = 0;
			defaultConfigurationName = Release;
		};
	/* End XCConfigurationList section */
		};
		rootObject = 2272E925F470CAD155B75BFD /* Project object */;
	}
